{
  "projects": [
    {
      "projectId": "jeUVTZpiRA29nP27GF7fj4",
      "version": "latest",
      "dependencies": {},
      "lang": "ts",
      "fileLocks": [
        {
          "type": "globalVariant",
          "assetId": "tTjPLqB6T1SkM",
          "checksum": "2d68ffd5356ab372bb7fd00576ea8d2f"
        },
        {
          "type": "renderModule",
          "assetId": "4CuivW7KVUVG",
          "checksum": "8b37b463e044968f311cda57c684f723"
        },
        {
          "type": "cssRules",
          "assetId": "4CuivW7KVUVG",
          "checksum": "8b37b463e044968f311cda57c684f723"
        },
        {
          "assetId": "jeUVTZpiRA29nP27GF7fj4",
          "type": "projectCss",
          "checksum": "6fde316be273647c688e49ed148a189d"
        },
        {
          "type": "icon",
          "assetId": "FNG3UlGyj1k",
          "checksum": "441bdeaadb443b3d4756037e896b98e6"
        },
        {
          "type": "icon",
          "assetId": "3tzI5IMl55N",
          "checksum": "38c97a63cf7ab64d24e66cf7a4d0d407"
        },
        {
          "type": "icon",
          "assetId": "N6o66huG7KW",
          "checksum": "d283688a8d3b04e6b30e6acc199f10c7"
        },
        {
          "type": "icon",
          "assetId": "pUJ57x7p064",
          "checksum": "2aa6ccf174ba0be8d0fd2b30c64de058"
        },
        {
          "type": "icon",
          "assetId": "FheNG_AuAQt",
          "checksum": "5de681cd8f8a6a788a9dac3b57508df1"
        },
        {
          "type": "icon",
          "assetId": "Oj6tLwLAJz9",
          "checksum": "f0045b1f5a4ba60a9362899e43d1c85f"
        },
        {
          "type": "icon",
          "assetId": "5Z8IQ3OCnYZ",
          "checksum": "d70ecd7734db477eccb8a5c5e4f2c36d"
        },
        {
          "type": "icon",
          "assetId": "QHv-QApTcxG",
          "checksum": "8a929d1d820358d3bbda59ef983d5f94"
        },
        {
          "type": "icon",
          "assetId": "HlXzTjnnqHm",
          "checksum": "450a8d597b1333d25c736657e4a33af1"
        },
        {
          "type": "icon",
          "assetId": "c4JUM2yJ0lC",
          "checksum": "3bd04cc542da73ea6511a39c21c1b436"
        },
        {
          "type": "icon",
          "assetId": "W6ZeJGBfn2p",
          "checksum": "6041f3ee53709cc2f9b50b8d9b7a1c08"
        },
        {
          "type": "icon",
          "assetId": "cwypMOIOAUI",
          "checksum": "30878d04ad799ab383b11fce9cdc53d2"
        },
        {
          "type": "icon",
          "assetId": "4CNYgfY6IMw",
          "checksum": "2e450aeb70f81e7d88506dac2cb4b94b"
        },
        {
          "type": "icon",
          "assetId": "A6d5GRwiFPk",
          "checksum": "71eab214fb0c80c626e7e4084af9ad91"
        },
        {
          "type": "icon",
          "assetId": "ZB86_QXAy1R",
          "checksum": "0f85281c8d2bf9bc2c72fed6932569ab"
        },
        {
          "type": "icon",
          "assetId": "pZhcHRd_g1c",
          "checksum": "bc0a8de6364a4d5be5ba781ed0a04dba"
        },
        {
          "type": "icon",
          "assetId": "7OoOfz1FW95",
          "checksum": "bdf95d8c1189688ed8e8e082561d0b52"
        },
        {
          "type": "icon",
          "assetId": "i_HIV8MIt6B",
          "checksum": "15a3d9eb2bf67ab59b3d4e20e7957b3f"
        },
        {
          "type": "icon",
          "assetId": "F3an1U8Yv0_",
          "checksum": "abc282f2c453a49d3c75c164b07a3dc9"
        },
        {
          "type": "icon",
          "assetId": "xiQ4OXZaL4L",
          "checksum": "8051e9de289e2da8f6dbfba4898d0e7a"
        },
        {
          "type": "icon",
          "assetId": "FvZWAaq-bpg",
          "checksum": "7f52fcae61d02d761e9ec4142308b470"
        },
        {
          "type": "icon",
          "assetId": "pC_Wwsaua-v",
          "checksum": "995d4d598769178bc8b10ffbf519234f"
        },
        {
          "type": "icon",
          "assetId": "OD8-Snz5lN8",
          "checksum": "dc0b1bb377cdbbd7f622a559b2716097"
        },
        {
          "type": "icon",
          "assetId": "U3j_zRjuzFb",
          "checksum": "d05e770e5af170a42b980626adfa4184"
        },
        {
          "type": "icon",
          "assetId": "2s06uOG0Qo4",
          "checksum": "a2989da455a88b0c85be62ad405ac050"
        },
        {
          "type": "icon",
          "assetId": "FO7RTxJ9J-H",
          "checksum": "d1a239491de4891db39fc386b76e5083"
        },
        {
          "type": "icon",
          "assetId": "aSvOmmef0bK",
          "checksum": "2d02df640e04070f435818cc0bfa0bd6"
        },
        {
          "type": "icon",
          "assetId": "ZBA_hDwvMVw",
          "checksum": "8e59e26e0f88324b59fabd74284c6ad0"
        },
        {
          "type": "icon",
          "assetId": "3L6E0lVhBi9",
          "checksum": "3e9e08f49be80fa54777f419fe74732e"
        },
        {
          "type": "icon",
          "assetId": "MBkng-kW5k4",
          "checksum": "f5851d6021dc920f35681c7a4bcb5acb"
        },
        {
          "type": "icon",
          "assetId": "JnyLsIRQHOK",
          "checksum": "9d7bc1101c9edb1d717407178566a90e"
        },
        {
          "type": "icon",
          "assetId": "YyrY4Dqsh1g",
          "checksum": "82e412a92d67a73b0e65c4159441c244"
        },
        {
          "type": "icon",
          "assetId": "2T4qm_QN2f6",
          "checksum": "5bc8f3459d6d13d83ce7d89df509e12c"
        },
        {
          "type": "icon",
          "assetId": "k--DKaux29w",
          "checksum": "2dd8f011be612b5955d4c0115fd1fbed"
        },
        {
          "type": "icon",
          "assetId": "ZW9p5VOsAev",
          "checksum": "d4fe170e9f9a9f6b046a8f5c5e0f6724"
        },
        {
          "type": "icon",
          "assetId": "uRAEwMyez_i",
          "checksum": "605d30e9796079fad18d2cb9098c404f"
        },
        {
          "type": "icon",
          "assetId": "KVPLJbAi3d1",
          "checksum": "dd1d1e89d762362f84bddb2d05eea231"
        },
        {
          "type": "icon",
          "assetId": "0ZAiS9y37nJ",
          "checksum": "1ab847b51c374f814a430f705ca72523"
        },
        {
          "type": "icon",
          "assetId": "p-cHkSkqPGc",
          "checksum": "acee49a1910807b34b454a887f78d222"
        },
        {
          "type": "icon",
          "assetId": "3pER7dsnPDy",
          "checksum": "75452f98c49190e644f2d36f6c21d70b"
        },
        {
          "type": "icon",
          "assetId": "jySfg9PJ0jw",
          "checksum": "56b0ca3227f8112d240495e9e42ee123"
        },
        {
          "type": "icon",
          "assetId": "9N3bb8Wh75b",
          "checksum": "bbaf935d096459bd3eb3cf846663f190"
        },
        {
          "type": "icon",
          "assetId": "Vbz2mWOb5FP",
          "checksum": "f314f84d24ba1dfb392ed310b9cf8099"
        },
        {
          "type": "icon",
          "assetId": "X3SiyVhFxW2",
          "checksum": "a38509b37af9a17ecf0093436480cb1f"
        },
        {
          "type": "icon",
          "assetId": "83koad6EasB",
          "checksum": "7756456f9517b149851bee8e0ff2ee96"
        },
        {
          "type": "icon",
          "assetId": "fBSh1Ue6LmN",
          "checksum": "c90cee31af921742aae5767d18649e88"
        },
        {
          "type": "icon",
          "assetId": "FhoNE9N-I3z",
          "checksum": "948ad3e1cad3a4c31b659d2922a2444b"
        },
        {
          "type": "icon",
          "assetId": "HbnK5Mvo7U0",
          "checksum": "236d89aec63d4c490bd486a1b5a8b7e0"
        },
        {
          "type": "icon",
          "assetId": "kdybhmtO9yM",
          "checksum": "1f909644a36fd73ab8d20f021466095e"
        },
        {
          "type": "icon",
          "assetId": "QKFw_Uf_PXT",
          "checksum": "e7c62ddecb62c81d0c538842df21ed47"
        },
        {
          "type": "icon",
          "assetId": "MGXPPKzKg0l",
          "checksum": "0a9916993977f02a0f0b31ee141b9cb1"
        },
        {
          "type": "icon",
          "assetId": "OS8pQQ37CU0",
          "checksum": "26b7b02b64c94e37496c052e3b13df5b"
        },
        {
          "type": "icon",
          "assetId": "IdVSeaHed",
          "checksum": "104305b01faed9d1b0ecd6bd14936308"
        },
        {
          "type": "icon",
          "assetId": "dnZapVi9wL",
          "checksum": "4c321c7f247873e27053355444abc9d5"
        },
        {
          "type": "icon",
          "assetId": "lAxvLBoPRw",
          "checksum": "c423ac1b4b486e4508e59a8eab5cab54"
        },
        {
          "type": "icon",
          "assetId": "BOgRX4NUVm",
          "checksum": "6335ef82b7349f6fbbbf77b564626c9f"
        },
        {
          "type": "icon",
          "assetId": "IB3pOlXNA0",
          "checksum": "e037897fe58c8c551ffd561eef470a20"
        },
        {
          "type": "icon",
          "assetId": "Ma2UejLap6",
          "checksum": "8ab6d7ea2fb6f8f54e0e3b98c94a4062"
        },
        {
          "type": "icon",
          "assetId": "CGKnLOE4vq",
          "checksum": "98d0b3f9d7a20c002c67748ceca9cf2a"
        },
        {
          "type": "icon",
          "assetId": "1d-6JvugV2",
          "checksum": "18c2f0339d6e747bb7fc4a80ddd26ce1"
        },
        {
          "type": "image",
          "assetId": "JnXVeoPxpH",
          "checksum": "162f6deeddb36f3b9cdce28be46c544f"
        },
        {
          "type": "image",
          "assetId": "cgv-aabuZu",
          "checksum": "6a78831f914d3e9f4ccfe022b30f894d"
        },
        {
          "type": "image",
          "assetId": "VgjGes_ygB",
          "checksum": "176e57043cc5ce74720c565c42fad1bc"
        },
        {
          "type": "image",
          "assetId": "CZ6lfdXkGK",
          "checksum": "71f7cc8af918150fe76b0cf1c13b15be"
        },
        {
          "type": "image",
          "assetId": "dbsJ9Umevw",
          "checksum": "44ce6a221171a4c4e9819805300e9e54"
        },
        {
          "type": "image",
          "assetId": "ia1gQFEhEH",
          "checksum": "d8290db844e8199b2b3f92f23f98a052"
        },
        {
          "type": "image",
          "assetId": "V8-P7yuk2C",
          "checksum": "9970a49ffeec32329ec7103c5de194ac"
        },
        {
          "type": "image",
          "assetId": "Y5u2Juc4oc",
          "checksum": "9a5639e870065ccb040b2ab9e4e03d17"
        },
        {
          "type": "image",
          "assetId": "qp4Q_KtFfS",
          "checksum": "3ec26d7074687bf52cca203c2880473a"
        },
        {
          "type": "image",
          "assetId": "ytO3WfBTFJ",
          "checksum": "a6d28ff35ee2d45d80b191f81da71892"
        },
        {
          "type": "image",
          "assetId": "g2XSjFuuiF",
          "checksum": "8f9948b071f6e8d352febcd6438d4d96"
        },
        {
          "type": "image",
          "assetId": "LCeYofwVEu",
          "checksum": "a7fd4a2d3c77abb6bb52244275f72b8e"
        },
        {
          "type": "image",
          "assetId": "BRd1Lzk5Xt",
          "checksum": "e11db97de1b96c1030e4045156ec8323"
        },
        {
          "type": "image",
          "assetId": "orCB6Jglsf",
          "checksum": "494c472ec512795e9674a41e3152f152"
        },
        {
          "type": "image",
          "assetId": "BZE3XdPFBAn",
          "checksum": "bb48dc479c458d127f1d9c3e214ac84d"
        },
        {
          "type": "image",
          "assetId": "u9PMYmHmHLO",
          "checksum": "fbbe076fc9914f28f2a2e15307e589ac"
        },
        {
          "type": "image",
          "assetId": "FnK-Z_5M2GJ",
          "checksum": "2b694323b6b82d8810c29b803edee369"
        },
        {
          "type": "image",
          "assetId": "rJx-WS6Vihj",
          "checksum": "0fff4979cd94f9df4b1c8cd786c317bb"
        },
        {
          "type": "image",
          "assetId": "lVptcha8BNt",
          "checksum": "093ba54a3245f10ea00ea66889def142"
        },
        {
          "type": "image",
          "assetId": "miG3XeMmY17",
          "checksum": "4e0fbd978fe4a6acc82cd6f67fa9d1c9"
        },
        {
          "type": "image",
          "assetId": "v1o0n9ua9z3",
          "checksum": "47222fd831ba35bb84a0bf8516818c39"
        },
        {
          "type": "image",
          "assetId": "R3bTnUZiSfy",
          "checksum": "ddf3dca4c93bd6bc4de5a44445679b1e"
        },
        {
          "type": "image",
          "assetId": "2RFNyTG3goJ",
          "checksum": "f049d6e000bfd44e0f07efd349e2c487"
        },
        {
          "type": "image",
          "assetId": "G8qZY9_R2wa",
          "checksum": "cc0a1b2ceccfb67661599fcd94fa4a9b"
        },
        {
          "type": "image",
          "assetId": "9YlYYrM91Vf",
          "checksum": "a649667ab850732d4678a8ea79f363b9"
        },
        {
          "type": "image",
          "assetId": "w04I_-i0fPn",
          "checksum": "a156ca1d50615370e4f309bbd4199840"
        },
        {
          "type": "image",
          "assetId": "lKTVJTWDMVE",
          "checksum": "52b279ea75ee765505a8ada96b91021d"
        },
        {
          "type": "image",
          "assetId": "OaIIwxb8SBb",
          "checksum": "857cc2e35ddfee0eac819242f755a9be"
        },
        {
          "type": "image",
          "assetId": "ukwISeHCOfC",
          "checksum": "166d6f0beeb5ab922824b480b2f5e4bc"
        },
        {
          "type": "image",
          "assetId": "ZT0pzNlANUV",
          "checksum": "9bf74a63779f8a1d7d9372173cf9ddba"
        },
        {
          "type": "image",
          "assetId": "onUj2x2PE2p",
          "checksum": "a8c79cc857ef323af2ee068778b2b7a9"
        },
        {
          "type": "image",
          "assetId": "sdx7s8CbgcE",
          "checksum": "68ab5ce7c1a8b847f2785b8ab752b535"
        },
        {
          "type": "image",
          "assetId": "ZiLkBWxKJDw",
          "checksum": "485e4714482bc2e3a4cbdd9d7097f65a"
        },
        {
          "type": "image",
          "assetId": "riReXtlJ0I7",
          "checksum": "a2e4245c73c726d8f2a5994ffc5c80c6"
        },
        {
          "type": "image",
          "assetId": "JYT7stYlIv1",
          "checksum": "bf3d04c6af8fe8545c1ab336c5ec1fc6"
        },
        {
          "type": "image",
          "assetId": "yUgyvJz5F27",
          "checksum": "fdcf8d39e435f09b2b3813838eece472"
        },
        {
          "type": "image",
          "assetId": "PU7DbfJDczk",
          "checksum": "827f51785e52f975a73a5a1e97305c8f"
        },
        {
          "type": "image",
          "assetId": "Njh9fa4hk4D",
          "checksum": "9f0177ce018356a67673baed0605631d"
        },
        {
          "type": "image",
          "assetId": "Ewi9qq05QG3",
          "checksum": "e72adf6168095e4a71b069120514a731"
        },
        {
          "type": "image",
          "assetId": "-pjCGuf0rWN",
          "checksum": "367f3817205064f1d095b732f14de109"
        },
        {
          "type": "image",
          "assetId": "x7eHAKlYS_-",
          "checksum": "56f23f800901866b1df098fd35f1a5d8"
        },
        {
          "type": "image",
          "assetId": "kEwIHTxjXz9",
          "checksum": "f5e6aede582c699e2d53b753675354a7"
        },
        {
          "type": "image",
          "assetId": "zJ6qyvaobYL",
          "checksum": "d6255330e8a432f02f7ce788ac29a808"
        },
        {
          "type": "image",
          "assetId": "o82M9VDKKmg",
          "checksum": "7b1f359fa698389a73d2d61937bd607e"
        },
        {
          "type": "image",
          "assetId": "tqJXcAWWOI6",
          "checksum": "654cc93f113faa0ba2b1938b2f2c8c0a"
        },
        {
          "type": "image",
          "assetId": "TfqZ7JnLMnj",
          "checksum": "c9e56a0164dd64625f14374938a8b655"
        },
        {
          "type": "image",
          "assetId": "Ezmw1ggddcv",
          "checksum": "552c4e9129f8528cfeffa373ac7ee150"
        },
        {
          "type": "image",
          "assetId": "YBJazZs3z4L",
          "checksum": "4c9a8a9ddc1ab0d849161853cf1c7d27"
        },
        {
          "type": "image",
          "assetId": "20KiU0K_Cgc",
          "checksum": "1583ce6f6ada3a9d61b5a9fb46972f00"
        },
        {
          "type": "image",
          "assetId": "N3G-wWrP6WV",
          "checksum": "d22edfd775b7c40a86add2868e5daad5"
        },
        {
          "type": "image",
          "assetId": "TNZ_iTQGD1Q",
          "checksum": "41b74467bcd48cbdab6c403fd59ea9c9"
        },
        {
          "type": "image",
          "assetId": "HLhZlkWGCk6",
          "checksum": "fa91e6149482988dbefc5f207ba003e9"
        },
        {
          "type": "image",
          "assetId": "hoLOZiC_TTZ",
          "checksum": "8848a05eee0f656ebad88448ed026e38"
        },
        {
          "type": "image",
          "assetId": "XUpJveSOnoy",
          "checksum": "14754c870f91d2172dfb6594f0a68400"
        },
        {
          "type": "image",
          "assetId": "JnkAPUxoMOp",
          "checksum": "d01c07b6090d5efdfb4428f16b59adda"
        },
        {
          "type": "image",
          "assetId": "UVTOnhHBWXK",
          "checksum": "7f881d11454b9811b846b4e0537b9718"
        },
        {
          "type": "image",
          "assetId": "aRVbQj84CE",
          "checksum": "0c7774e23c11dd28a3ad42d5017e8550"
        },
        {
          "type": "image",
          "assetId": "K-KGG76S41",
          "checksum": "16207ef45b191a584d00e20c0cfdce39"
        },
        {
          "type": "image",
          "assetId": "LuWGcxg69C",
          "checksum": "5ed5efe8df5e8500a2531271ff57ea1e"
        },
        {
          "type": "image",
          "assetId": "K-amfoSwLp",
          "checksum": "02f0794093db147688abf42e9d1ad892"
        },
        {
          "type": "image",
          "assetId": "5kInICPHRs",
          "checksum": "abdffdcf4f4c42babfca85b6c3adf9ff"
        }
      ],
      "codegenVersion": "0.0.1"
    }
  ],
  "cliVersion": "0.1.184"
}
